
Microsoft Visual Studio Solution File, Format Version 12.00
# Visual Studio Version 17
VisualStudioVersion = 17.3.32811.315
MinimumVisualStudioVersion = 10.0.40219.1
Project("{FAE04EC0-301F-11D3-BF4B-00C04F79EFBC}") = "InterfaceConcept", "InterfaceConcept\InterfaceConcept.csproj", "{42014E08-C3F8-4955-AD26-AFC80720CABC}"
EndProject
Global
	GlobalSection(SolutionConfigurationPlatforms) = preSolution
		Debug|Any CPU = Debug|Any CPU
		Release|Any CPU = Release|Any CPU
	EndGlobalSection
	GlobalSection(ProjectConfigurationPlatforms) = postSolution
		{42014E08-C3F8-4955-AD26-AFC80720CABC}.Debug|Any CPU.ActiveCfg = Debug|Any CPU
		{42014E08-C3F8-4955-AD26-AFC80720CABC}.Debug|Any CPU.Build.0 = Debug|Any CPU
		{42014E08-C3F8-4955-AD26-AFC80720CABC}.Release|Any CPU.ActiveCfg = Release|Any CPU
		{42014E08-C3F8-4955-AD26-AFC80720CABC}.Release|Any CPU.Build.0 = Release|Any CPU
	EndGlobalSection
	GlobalSection(SolutionProperties) = preSolution
		HideSolutionNode = FALSE
	EndGlobalSection
	GlobalSection(ExtensibilityGlobals) = postSolution
		SolutionGuid = {16F88AFA-1DF1-4F4E-B033-E0EF32E82E5B}
	EndGlobalSection
EndGlobal
